
Microsoft Visual Studio Solution File, Format Version 12.00
# Visual Studio Version 16
VisualStudioVersion = 16.0.30104.148
MinimumVisualStudioVersion = 10.0.40219.1
Project("{FAE04EC0-301F-11D3-BF4B-00C04F79EFBC}") = "WebApi", "WebApi\WebApi.csproj", "{003787BA-D03E-41F6-BCC9-27CCBF4FEC96}"
EndProject
Global
	GlobalSection(SolutionConfigurationPlatforms) = preSolution
		Debug|Any CPU = Debug|Any CPU
		Release|Any CPU = Release|Any CPU
	EndGlobalSection
	GlobalSection(ProjectConfigurationPlatforms) = postSolution
		{003787BA-D03E-41F6-BCC9-27CCBF4FEC96}.Debug|Any CPU.ActiveCfg = Debug|Any CPU
		{003787BA-D03E-41F6-BCC9-27CCBF4FEC96}.Debug|Any CPU.Build.0 = Debug|Any CPU
		{003787BA-D03E-41F6-BCC9-27CCBF4FEC96}.Release|Any CPU.ActiveCfg = Release|Any CPU
		{003787BA-D03E-41F6-BCC9-27CCBF4FEC96}.Release|Any CPU.Build.0 = Release|Any CPU
	EndGlobalSection
	GlobalSection(SolutionProperties) = preSolution
		HideSolutionNode = FALSE
	EndGlobalSection
	GlobalSection(ExtensibilityGlobals) = postSolution
		SolutionGuid = {074C304A-088D-4921-B358-041E9CA714E1}
	EndGlobalSection
EndGlobal
